// !$*UTF8*$!
{
	archiveVersion = 1;
	classes = {
	};
	objectVersion = 50;
	objects = {

/* Begin PBXBuildFile section */
		5524ABFD248F5FD4000230AC /* AppDelegate.swift in Sources */ = {isa = PBXBuildFile; fileRef = 5524ABFC248F5FD4000230AC /* AppDelegate.swift */; };
		5524ABFF248F5FD4000230AC /* SceneDelegate.swift in Sources */ = {isa = PBXBuildFile; fileRef = 5524ABFE248F5FD4000230AC /* SceneDelegate.swift */; };
		5524AC01248F5FD4000230AC /* ContentView.swift in Sources */ = {isa = PBXBuildFile; fileRef = 5524AC00248F5FD4000230AC /* ContentView.swift */; };
		5524AC03248F5FDB000230AC /* Assets.xcassets in Resources */ = {isa = PBXBuildFile; fileRef = 5524AC02248F5FDB000230AC /* Assets.xcassets */; };
		5524AC06248F5FDB000230AC /* Preview Assets.xcassets in Resources */ = {isa = PBXBuildFile; fileRef = 5524AC05248F5FDB000230AC /* Preview Assets.xcassets */; };
		5524AC09248F5FDB000230AC /* LaunchScreen.storyboard in Resources */ = {isa = PBXBuildFile; fileRef = 5524AC07248F5FDB000230AC /* LaunchScreen.storyboard */; };
		5524AC15248F6801000230AC /* Task.swift in Sources */ = {isa = PBXBuildFile; fileRef = 5524AC14248F6801000230AC /* Task.swift */; };
		5524AC18248F6852000230AC /* TaskStore.swift in Sources */ = {isa = PBXBuildFile; fileRef = 5524AC17248F6852000230AC /* TaskStore.swift */; };
		5524AC1A248F7B9E000230AC /* NewTaskView.swift in Sources */ = {isa = PBXBuildFile; fileRef = 5524AC19248F7B9E000230AC /* NewTaskView.swift */; };
		5524AC1D248FBAC0000230AC /* RowView.swift in Sources */ = {isa = PBXBuildFile; fileRef = 5524AC1C248FBAC0000230AC /* RowView.swift */; };
		55587C44248FF82A00020C2F /* IndexedCollection.swift in Sources */ = {isa = PBXBuildFile; fileRef = 55587C42248FF82900020C2F /* IndexedCollection.swift */; };
		55587C45248FF82A00020C2F /* ForEach.swift in Sources */ = {isa = PBXBuildFile; fileRef = 55587C43248FF82900020C2F /* ForEach.swift */; };
		55587C47248FF86A00020C2F /* TaskEditingView.swift in Sources */ = {isa = PBXBuildFile; fileRef = 55587C46248FF86A00020C2F /* TaskEditingView.swift */; };
		55587C4924901FF200020C2F /* Task.Priority.swift in Sources */ = {isa = PBXBuildFile; fileRef = 55587C4824901FF200020C2F /* Task.Priority.swift */; };
		55587C4B2490205B00020C2F /* TasksStore.PrioritizedTasks.swift in Sources */ = {isa = PBXBuildFile; fileRef = 55587C4A2490205B00020C2F /* TasksStore.PrioritizedTasks.swift */; };
		55587C4D2490CF6A00020C2F /* SectionView.swift in Sources */ = {isa = PBXBuildFile; fileRef = 55587C4C2490CF6A00020C2F /* SectionView.swift */; };
		55587C4F2490D99200020C2F /* Binding.swift in Sources */ = {isa = PBXBuildFile; fileRef = 55587C4E2490D99200020C2F /* Binding.swift */; };
/* End PBXBuildFile section */

/* Begin PBXFileReference section */
		5524ABF9248F5FD4000230AC /* TaskList.app */ = {isa = PBXFileReference; explicitFileType = wrapper.application; includeInIndex = 0; path = TaskList.app; sourceTree = BUILT_PRODUCTS_DIR; };
		5524ABFC248F5FD4000230AC /* AppDelegate.swift */ = {isa = PBXFileReference; lastKnownFileType = sourcecode.swift; path = AppDelegate.swift; sourceTree = "<group>"; };
		5524ABFE248F5FD4000230AC /* SceneDelegate.swift */ = {isa = PBXFileReference; lastKnownFileType = sourcecode.swift; path = SceneDelegate.swift; sourceTree = "<group>"; };
		5524AC00248F5FD4000230AC /* ContentView.swift */ = {isa = PBXFileReference; lastKnownFileType = sourcecode.swift; path = ContentView.swift; sourceTree = "<group>"; };
		5524AC02248F5FDB000230AC /* Assets.xcassets */ = {isa = PBXFileReference; lastKnownFileType = folder.assetcatalog; path = Assets.xcassets; sourceTree = "<group>"; };
		5524AC05248F5FDB000230AC /* Preview Assets.xcassets */ = {isa = PBXFileReference; lastKnownFileType = folder.assetcatalog; path = "Preview Assets.xcassets"; sourceTree = "<group>"; };
		5524AC08248F5FDB000230AC /* Base */ = {isa = PBXFileReference; lastKnownFileType = file.storyboard; name = Base; path = Base.lproj/LaunchScreen.storyboard; sourceTree = "<group>"; };
		5524AC0A248F5FDB000230AC /* Info.plist */ = {isa = PBXFileReference; lastKnownFileType = text.plist.xml; path = Info.plist; sourceTree = "<group>"; };
		5524AC14248F6801000230AC /* Task.swift */ = {isa = PBXFileReference; lastKnownFileType = sourcecode.swift; path = Task.swift; sourceTree = "<group>"; };
		5524AC17248F6852000230AC /* TaskStore.swift */ = {isa = PBXFileReference; lastKnownFileType = sourcecode.swift; path = TaskStore.swift; sourceTree = "<group>"; };
		5524AC19248F7B9E000230AC /* NewTaskView.swift */ = {isa = PBXFileReference; lastKnownFileType = sourcecode.swift; path = NewTaskView.swift; sourceTree = "<group>"; };
		5524AC1C248FBAC0000230AC /* RowView.swift */ = {isa = PBXFileReference; lastKnownFileType = sourcecode.swift; path = RowView.swift; sourceTree = "<group>"; };
		55587C42248FF82900020C2F /* IndexedCollection.swift */ = {isa = PBXFileReference; fileEncoding = 4; lastKnownFileType = sourcecode.swift; path = IndexedCollection.swift; sourceTree = "<group>"; };
		55587C43248FF82900020C2F /* ForEach.swift */ = {isa = PBXFileReference; fileEncoding = 4; lastKnownFileType = sourcecode.swift; path = ForEach.swift; sourceTree = "<group>"; };
		55587C46248FF86A00020C2F /* TaskEditingView.swift */ = {isa = PBXFileReference; lastKnownFileType = sourcecode.swift; path = TaskEditingView.swift; sourceTree = "<group>"; };
		55587C4824901FF200020C2F /* Task.Priority.swift */ = {isa = PBXFileReference; lastKnownFileType = sourcecode.swift; path = Task.Priority.swift; sourceTree = "<group>"; };
		55587C4A2490205B00020C2F /* TasksStore.PrioritizedTasks.swift */ = {isa = PBXFileReference; lastKnownFileType = sourcecode.swift; path = TasksStore.PrioritizedTasks.swift; sourceTree = "<group>"; };
		55587C4C2490CF6A00020C2F /* SectionView.swift */ = {isa = PBXFileReference; lastKnownFileType = sourcecode.swift; path = SectionView.swift; sourceTree = "<group>"; };
		55587C4E2490D99200020C2F /* Binding.swift */ = {isa = PBXFileReference; fileEncoding = 4; lastKnownFileType = sourcecode.swift; path = Binding.swift; sourceTree = "<group>"; };
/* End PBXFileReference section */

/* Begin PBXFrameworksBuildPhase section */
		5524ABF6248F5FD4000230AC /* Frameworks */ = {
			isa = PBXFrameworksBuildPhase;
			buildActionMask = 2147483647;
			files = (
			);
			runOnlyForDeploymentPostprocessing = 0;
		};
/* End PBXFrameworksBuildPhase section */

/* Begin PBXGroup section */
		5524ABF0248F5FD4000230AC = {
			isa = PBXGroup;
			children = (
				55587C41248FF82900020C2F /* extension */,
				5524ABFB248F5FD4000230AC /* TaskList */,
				5524ABFA248F5FD4000230AC /* Products */,
			);
			sourceTree = "<group>";
		};
		5524ABFA248F5FD4000230AC /* Products */ = {
			isa = PBXGroup;
			children = (
				5524ABF9248F5FD4000230AC /* TaskList.app */,
			);
			name = Products;
			sourceTree = "<group>";
		};
		5524ABFB248F5FD4000230AC /* TaskList */ = {
			isa = PBXGroup;
			children = (
				5524ABFC248F5FD4000230AC /* AppDelegate.swift */,
				5524ABFE248F5FD4000230AC /* SceneDelegate.swift */,
				5524AC1B248F7D0F000230AC /* Views */,
				5524AC16248F6818000230AC /* Models */,
				5524AC02248F5FDB000230AC /* Assets.xcassets */,
				5524AC07248F5FDB000230AC /* LaunchScreen.storyboard */,
				5524AC0A248F5FDB000230AC /* Info.plist */,
				5524AC04248F5FDB000230AC /* Preview Content */,
			);
			path = TaskList;
			sourceTree = "<group>";
		};
		5524AC04248F5FDB000230AC /* Preview Content */ = {
			isa = PBXGroup;
			children = (
				5524AC05248F5FDB000230AC /* Preview Assets.xcassets */,
			);
			path = "Preview Content";
			sourceTree = "<group>";
		};
		5524AC16248F6818000230AC /* Models */ = {
			isa = PBXGroup;
			children = (
				5524AC14248F6801000230AC /* Task.swift */,
				55587C4824901FF200020C2F /* Task.Priority.swift */,
				5524AC17248F6852000230AC /* TaskStore.swift */,
				55587C4A2490205B00020C2F /* TasksStore.PrioritizedTasks.swift */,
			);
			path = Models;
			sourceTree = "<group>";
		};
		5524AC1B248F7D0F000230AC /* Views */ = {
			isa = PBXGroup;
			children = (
				5524AC00248F5FD4000230AC /* ContentView.swift */,
				55587C4C2490CF6A00020C2F /* SectionView.swift */,
				5524AC19248F7B9E000230AC /* NewTaskView.swift */,
				5524AC1C248FBAC0000230AC /* RowView.swift */,
				55587C46248FF86A00020C2F /* TaskEditingView.swift */,
			);
			path = Views;
			sourceTree = "<group>";
		};
		55587C41248FF82900020C2F /* extension */ = {
			isa = PBXGroup;
			children = (
				55587C42248FF82900020C2F /* IndexedCollection.swift */,
				55587C43248FF82900020C2F /* ForEach.swift */,
				55587C4E2490D99200020C2F /* Binding.swift */,
			);
			path = extension;
			sourceTree = "<group>";
		};
/* End PBXGroup section */

/* Begin PBXNativeTarget section */
		5524ABF8248F5FD4000230AC /* TaskList */ = {
			isa = PBXNativeTarget;
			buildConfigurationList = 5524AC0D248F5FDB000230AC /* Build configuration list for PBXNativeTarget "TaskList" */;
			buildPhases = (
				5524ABF5248F5FD4000230AC /* Sources */,
				5524ABF6248F5FD4000230AC /* Frameworks */,
				5524ABF7248F5FD4000230AC /* Resources */,
			);
			buildRules = (
			);
			dependencies = (
			);
			name = TaskList;
			productName = TaskList;
			productReference = 5524ABF9248F5FD4000230AC /* TaskList.app */;
			productType = "com.apple.product-type.application";
		};
/* End PBXNativeTarget section */

/* Begin PBXProject section */
		5524ABF1248F5FD4000230AC /* Project object */ = {
			isa = PBXProject;
			attributes = {
				LastSwiftUpdateCheck = 1140;
				LastUpgradeCheck = 1140;
				ORGANIZATIONNAME = "Kairzhan Kural";
				TargetAttributes = {
					5524ABF8248F5FD4000230AC = {
						CreatedOnToolsVersion = 11.4.1;
					};
				};
			};
			buildConfigurationList = 5524ABF4248F5FD4000230AC /* Build configuration list for PBXProject "TaskList" */;
			compatibilityVersion = "Xcode 9.3";
			developmentRegion = en;
			hasScannedForEncodings = 0;
			knownRegions = (
				en,
				Base,
			);
			mainGroup = 5524ABF0248F5FD4000230AC;
			productRefGroup = 5524ABFA248F5FD4000230AC /* Products */;
			projectDirPath = "";
			projectRoot = "";
			targets = (
				5524ABF8248F5FD4000230AC /* TaskList */,
			);
		};
/* End PBXProject section */

/* Begin PBXResourcesBuildPhase section */
		5524ABF7248F5FD4000230AC /* Resources */ = {
			isa = PBXResourcesBuildPhase;
			buildActionMask = 2147483647;
			files = (
				5524AC09248F5FDB000230AC /* LaunchScreen.storyboard in Resources */,
				5524AC06248F5FDB000230AC /* Preview Assets.xcassets in Resources */,
				5524AC03248F5FDB000230AC /* Assets.xcassets in Resources */,
			);
			runOnlyForDeploymentPostprocessing = 0;
		};
/* End PBXResourcesBuildPhase section */

/* Begin PBXSourcesBuildPhase section */
		5524ABF5248F5FD4000230AC /* Sources */ = {
			isa = PBXSourcesBuildPhase;
			buildActionMask = 2147483647;
			files = (
				5524AC18248F6852000230AC /* TaskStore.swift in Sources */,
				5524AC15248F6801000230AC /* Task.swift in Sources */,
				5524AC1D248FBAC0000230AC /* RowView.swift in Sources */,
				55587C4F2490D99200020C2F /* Binding.swift in Sources */,
				55587C45248FF82A00020C2F /* ForEach.swift in Sources */,
				55587C4B2490205B00020C2F /* TasksStore.PrioritizedTasks.swift in Sources */,
				5524AC1A248F7B9E000230AC /* NewTaskView.swift in Sources */,
				5524ABFD248F5FD4000230AC /* AppDelegate.swift in Sources */,
				55587C4924901FF200020C2F /* Task.Priority.swift in Sources */,
				55587C4D2490CF6A00020C2F /* SectionView.swift in Sources */,
				5524ABFF248F5FD4000230AC /* SceneDelegate.swift in Sources */,
				5524AC01248F5FD4000230AC /* ContentView.swift in Sources */,
				55587C47248FF86A00020C2F /* TaskEditingView.swift in Sources */,
				55587C44248FF82A00020C2F /* IndexedCollection.swift in Sources */,
			);
			runOnlyForDeploymentPostprocessing = 0;
		};
/* End PBXSourcesBuildPhase section */

/* Begin PBXVariantGroup section */
		5524AC07248F5FDB000230AC /* LaunchScreen.storyboard */ = {
			isa = PBXVariantGroup;
			children = (
				5524AC08248F5FDB000230AC /* Base */,
			);
			name = LaunchScreen.storyboard;
			sourceTree = "<group>";
		};
/* End PBXVariantGroup section */

/* Begin XCBuildConfiguration section */
		5524AC0B248F5FDB000230AC /* Debug */ = {
			isa = XCBuildConfiguration;
			buildSettings = {
				ALWAYS_SEARCH_USER_PATHS = NO;
				CLANG_ANALYZER_NONNULL = YES;
				CLANG_ANALYZER_NUMBER_OBJECT_CONVERSION = YES_AGGRESSIVE;
				CLANG_CXX_LANGUAGE_STANDARD = "gnu++14";
				CLANG_CXX_LIBRARY = "libc++";
				CLANG_ENABLE_MODULES = YES;
				CLANG_ENABLE_OBJC_ARC = YES;
				CLANG_ENABLE_OBJC_WEAK = YES;
				CLANG_WARN_BLOCK_CAPTURE_AUTORELEASING = YES;
				CLANG_WARN_BOOL_CONVERSION = YES;
				CLANG_WARN_COMMA = YES;
				CLANG_WARN_CONSTANT_CONVERSION = YES;
				CLANG_WARN_DEPRECATED_OBJC_IMPLEMENTATIONS = YES;
				CLANG_WARN_DIRECT_OBJC_ISA_USAGE = YES_ERROR;
				CLANG_WARN_DOCUMENTATION_COMMENTS = YES;
				CLANG_WARN_EMPTY_BODY = YES;
				CLANG_WARN_ENUM_CONVERSION = YES;
				CLANG_WARN_INFINITE_RECURSION = YES;
				CLANG_WARN_INT_CONVERSION = YES;
				CLANG_WARN_NON_LITERAL_NULL_CONVERSION = YES;
				CLANG_WARN_OBJC_IMPLICIT_RETAIN_SELF = YES;
				CLANG_WARN_OBJC_LITERAL_CONVERSION = YES;
				CLANG_WARN_OBJC_ROOT_CLASS = YES_ERROR;
				CLANG_WARN_RANGE_LOOP_ANALYSIS = YES;
				CLANG_WARN_STRICT_PROTOTYPES = YES;
				CLANG_WARN_SUSPICIOUS_MOVE = YES;
				CLANG_WARN_UNGUARDED_AVAILABILITY = YES_AGGRESSIVE;
				CLANG_WARN_UNREACHABLE_CODE = YES;
				CLANG_WARN__DUPLICATE_METHOD_MATCH = YES;
				COPY_PHASE_STRIP = NO;
				DEBUG_INFORMATION_FORMAT = dwarf;
				ENABLE_STRICT_OBJC_MSGSEND = YES;
				ENABLE_TESTABILITY = YES;
				GCC_C_LANGUAGE_STANDARD = gnu11;
				GCC_DYNAMIC_NO_PIC = NO;
				GCC_NO_COMMON_BLOCKS = YES;
				GCC_OPTIMIZATION_LEVEL = 0;
				GCC_PREPROCESSOR_DEFINITIONS = (
					"DEBUG=1",
					"$(inherited)",
				);
				GCC_WARN_64_TO_32_BIT_CONVERSION = YES;
				GCC_WARN_ABOUT_RETURN_TYPE = YES_ERROR;
				GCC_WARN_UNDECLARED_SELECTOR = YES;
				GCC_WARN_UNINITIALIZED_AUTOS = YES_AGGRESSIVE;
				GCC_WARN_UNUSED_FUNCTION = YES;
				GCC_WARN_UNUSED_VARIABLE = YES;
				IPHONEOS_DEPLOYMENT_TARGET = 13.4;
				MTL_ENABLE_DEBUG_INFO = INCLUDE_SOURCE;
				MTL_FAST_MATH = YES;
				ONLY_ACTIVE_ARCH = YES;
				SDKROOT = iphoneos;
				SWIFT_ACTIVE_COMPILATION_CONDITIONS = DEBUG;
				SWIFT_OPTIMIZATION_LEVEL = "-Onone";
			};
			name = Debug;
		};
		5524AC0C248F5FDB000230AC /* Release */ = {
			isa = XCBuildConfiguration;
			buildSettings = {
				ALWAYS_SEARCH_USER_PATHS = NO;
				CLANG_ANALYZER_NONNULL = YES;
				CLANG_ANALYZER_NUMBER_OBJECT_CONVERSION = YES_AGGRESSIVE;
				CLANG_CXX_LANGUAGE_STANDARD = "gnu++14";
				CLANG_CXX_LIBRARY = "libc++";
				CLANG_ENABLE_MODULES = YES;
				CLANG_ENABLE_OBJC_ARC = YES;
				CLANG_ENABLE_OBJC_WEAK = YES;
				CLANG_WARN_BLOCK_CAPTURE_AUTORELEASING = YES;
				CLANG_WARN_BOOL_CONVERSION = YES;
				CLANG_WARN_COMMA = YES;
				CLANG_WARN_CONSTANT_CONVERSION = YES;
				CLANG_WARN_DEPRECATED_OBJC_IMPLEMENTATIONS = YES;
				CLANG_WARN_DIRECT_OBJC_ISA_USAGE = YES_ERROR;
				CLANG_WARN_DOCUMENTATION_COMMENTS = YES;
				CLANG_WARN_EMPTY_BODY = YES;
				CLANG_WARN_ENUM_CONVERSION = YES;
				CLANG_WARN_INFINITE_RECURSION = YES;
				CLANG_WARN_INT_CONVERSION = YES;
				CLANG_WARN_NON_LITERAL_NULL_CONVERSION = YES;
				CLANG_WARN_OBJC_IMPLICIT_RETAIN_SELF = YES;
				CLANG_WARN_OBJC_LITERAL_CONVERSION = YES;
				CLANG_WARN_OBJC_ROOT_CLASS = YES_ERROR;
				CLANG_WARN_RANGE_LOOP_ANALYSIS = YES;
				CLANG_WARN_STRICT_PROTOTYPES = YES;
				CLANG_WARN_SUSPICIOUS_MOVE = YES;
				CLANG_WARN_UNGUARDED_AVAILABILITY = YES_AGGRESSIVE;
				CLANG_WARN_UNREACHABLE_CODE = YES;
				CLANG_WARN__DUPLICATE_METHOD_MATCH = YES;
				COPY_PHASE_STRIP = NO;
				DEBUG_INFORMATION_FORMAT = "dwarf-with-dsym";
				ENABLE_NS_ASSERTIONS = NO;
				ENABLE_STRICT_OBJC_MSGSEND = YES;
				GCC_C_LANGUAGE_STANDARD = gnu11;
				GCC_NO_COMMON_BLOCKS = YES;
				GCC_WARN_64_TO_32_BIT_CONVERSION = YES;
				GCC_WARN_ABOUT_RETURN_TYPE = YES_ERROR;
				GCC_WARN_UNDECLARED_SELECTOR = YES;
				GCC_WARN_UNINITIALIZED_AUTOS = YES_AGGRESSIVE;
				GCC_WARN_UNUSED_FUNCTION = YES;
				GCC_WARN_UNUSED_VARIABLE = YES;
				IPHONEOS_DEPLOYMENT_TARGET = 13.4;
				MTL_ENABLE_DEBUG_INFO = NO;
				MTL_FAST_MATH = YES;
				SDKROOT = iphoneos;
				SWIFT_COMPILATION_MODE = wholemodule;
				SWIFT_OPTIMIZATION_LEVEL = "-O";
				VALIDATE_PRODUCT = YES;
			};
			name = Release;
		};
		5524AC0E248F5FDB000230AC /* Debug */ = {
			isa = XCBuildConfiguration;
			buildSettings = {
				ASSETCATALOG_COMPILER_APPICON_NAME = AppIcon;
				CODE_SIGN_STYLE = Automatic;
				DEVELOPMENT_ASSET_PATHS = "\"TaskList/Preview Content\"";
				DEVELOPMENT_TEAM = 854Z63GAJD;
				ENABLE_PREVIEWS = YES;
				INFOPLIST_FILE = TaskList/Info.plist;
				LD_RUNPATH_SEARCH_PATHS = (
					"$(inherited)",
					"@executable_path/Frameworks",
				);
				PRODUCT_BUNDLE_IDENTIFIER = com.kairzhan.TaskList;
				PRODUCT_NAME = "$(TARGET_NAME)";
				SWIFT_VERSION = 5.0;
				TARGETED_DEVICE_FAMILY = "1,2";
			};
			name = Debug;
		};
		5524AC0F248F5FDB000230AC /* Release */ = {
			isa = XCBuildConfiguration;
			buildSettings = {
				ASSETCATALOG_COMPILER_APPICON_NAME = AppIcon;
				CODE_SIGN_STYLE = Automatic;
				DEVELOPMENT_ASSET_PATHS = "\"TaskList/Preview Content\"";
				DEVELOPMENT_TEAM = 854Z63GAJD;
				ENABLE_PREVIEWS = YES;
				INFOPLIST_FILE = TaskList/Info.plist;
				LD_RUNPATH_SEARCH_PATHS = (
					"$(inherited)",
					"@executable_path/Frameworks",
				);
				PRODUCT_BUNDLE_IDENTIFIER = com.kairzhan.TaskList;
				PRODUCT_NAME = "$(TARGET_NAME)";
				SWIFT_VERSION = 5.0;
				TARGETED_DEVICE_FAMILY = "1,2";
			};
			name = Release;
		};
/* End XCBuildConfiguration section */

/* Begin XCConfigurationList section */
		5524ABF4248F5FD4000230AC /* Build configuration list for PBXProject "TaskList" */ = {
			isa = XCConfigurationList;
			buildConfigurations = (
				5524AC0B248F5FDB000230AC /* Debug */,
				5524AC0C248F5FDB000230AC /* Release */,
			);
			defaultConfigurationIsVisible = 0;
			defaultConfigurationName = Release;
		};
		5524AC0D248F5FDB000230AC /* Build configuration list for PBXNativeTarget "TaskList" */ = {
			isa = XCConfigurationList;
			buildConfigurations = (
				5524AC0E248F5FDB000230AC /* Debug */,
				5524AC0F248F5FDB000230AC /* Release */,
			);
			defaultConfigurationIsVisible = 0;
			defaultConfigurationName = Release;
		};
/* End XCConfigurationList section */
	};
	rootObject = 5524ABF1248F5FD4000230AC /* Project object */;
}
